# This file is autogenerated, do not edit; changes may be undone by the next 'dep ensure'.


[[projects]]
  name = "github.com/Azure/draft"
  packages = ["pkg/version"]
  revision = "fdc29c553a45600ac4f795f3485d4bb9a80c7862"
  version = "v0.14.1"

[solve-meta]
  analyzer-name = "dep"
  analyzer-version = 1
  inputs-digest = "5a57392a4f8699798f614462a68e7a1d741c4813691b721f204d2a5e85936f7c"
  solver-name = "gps-cdcl"
  solver-version = 1
